
Microsoft Visual Studio Solution File, Format Version 12.00
# Visual Studio Version 16
VisualStudioVersion = 16.0.30330.147
MinimumVisualStudioVersion = 10.0.40219.1
Project("{FAE04EC0-301F-11D3-BF4B-00C04F79EFBC}") = "TriviaGame", "TriviaGame\TriviaGame.csproj", "{609A6624-57B2-48E7-ACC6-46B93524913A}"
EndProject
Global
	GlobalSection(SolutionConfigurationPlatforms) = preSolution
		Debug|Any CPU = Debug|Any CPU
		Release|Any CPU = Release|Any CPU
	EndGlobalSection
	GlobalSection(ProjectConfigurationPlatforms) = postSolution
		{609A6624-57B2-48E7-ACC6-46B93524913A}.Debug|Any CPU.ActiveCfg = Debug|Any CPU
		{609A6624-57B2-48E7-ACC6-46B93524913A}.Debug|Any CPU.Build.0 = Debug|Any CPU
		{609A6624-57B2-48E7-ACC6-46B93524913A}.Release|Any CPU.ActiveCfg = Release|Any CPU
		{609A6624-57B2-48E7-ACC6-46B93524913A}.Release|Any CPU.Build.0 = Release|Any CPU
	EndGlobalSection
	GlobalSection(SolutionProperties) = preSolution
		HideSolutionNode = FALSE
	EndGlobalSection
	GlobalSection(ExtensibilityGlobals) = postSolution
		SolutionGuid = {1A8E7C6C-3753-4110-BA75-F836275DE8A9}
	EndGlobalSection
EndGlobal
